// !$*UTF8*$!
{
	archiveVersion = 1;
	classes = {
	};
	objectVersion = 51;
	objects = {

/* Begin PBXBuildFile section */
		382EB65AEF9C1DE3BA528500 /* Pods_AnalyticsSDK.framework in Frameworks */ = {isa = PBXBuildFile; fileRef = EAA980C314B15DED9B08A5EF /* Pods_AnalyticsSDK.framework */; };
		A268065A2324DEB600645FF4 /* AppDelegate.swift in Sources */ = {isa = PBXBuildFile; fileRef = A26806592324DEB600645FF4 /* AppDelegate.swift */; };
		A268065C2324DEB600645FF4 /* SceneDelegate.swift in Sources */ = {isa = PBXBuildFile; fileRef = A268065B2324DEB600645FF4 /* SceneDelegate.swift */; };
		A268065E2324DEB600645FF4 /* ViewController.swift in Sources */ = {isa = PBXBuildFile; fileRef = A268065D2324DEB600645FF4 /* ViewController.swift */; };
		A26806612324DEB600645FF4 /* Main.storyboard in Resources */ = {isa = PBXBuildFile; fileRef = A268065F2324DEB600645FF4 /* Main.storyboard */; };
		A26806632324DEB700645FF4 /* Assets.xcassets in Resources */ = {isa = PBXBuildFile; fileRef = A26806622324DEB700645FF4 /* Assets.xcassets */; };
		A26806662324DEB700645FF4 /* LaunchScreen.storyboard in Resources */ = {isa = PBXBuildFile; fileRef = A26806642324DEB700645FF4 /* LaunchScreen.storyboard */; };
		A26806AD2326CD2500645FF4 /* AnalyticsTrackerConstants.swift in Sources */ = {isa = PBXBuildFile; fileRef = A26806AC2326CD2500645FF4 /* AnalyticsTrackerConstants.swift */; };
		A26806B02326D16A00645FF4 /* MixpanelService.swift in Sources */ = {isa = PBXBuildFile; fileRef = A26806AF2326D16A00645FF4 /* MixpanelService.swift */; };
		A26806BF232A638000645FF4 /* NAAnalyticsService.swift in Sources */ = {isa = PBXBuildFile; fileRef = A26806BE232A638000645FF4 /* NAAnalyticsService.swift */; };
		A2680703232AAE9A00645FF4 /* DispatchQueue+Once.swift in Sources */ = {isa = PBXBuildFile; fileRef = A26806ED232AAE9A00645FF4 /* DispatchQueue+Once.swift */; };
		A2680704232AAE9A00645FF4 /* Encode+Dictionary.swift in Sources */ = {isa = PBXBuildFile; fileRef = A26806EE232AAE9A00645FF4 /* Encode+Dictionary.swift */; };
		A2680705232AAE9A00645FF4 /* ResultType.swift in Sources */ = {isa = PBXBuildFile; fileRef = A26806EF232AAE9A00645FF4 /* ResultType.swift */; };
		A2680706232AAE9A00645FF4 /* Tracker.swift in Sources */ = {isa = PBXBuildFile; fileRef = A26806F0232AAE9A00645FF4 /* Tracker.swift */; };
		A2680707232AAE9A00645FF4 /* NAAnalyticsEventPriority.swift in Sources */ = {isa = PBXBuildFile; fileRef = A26806F3232AAE9A00645FF4 /* NAAnalyticsEventPriority.swift */; };
		A2680708232AAE9A00645FF4 /* NoonAcademyAnalyticsCore.swift in Sources */ = {isa = PBXBuildFile; fileRef = A26806F4232AAE9A00645FF4 /* NoonAcademyAnalyticsCore.swift */; };
		A2680709232AAE9A00645FF4 /* Queue.swift in Sources */ = {isa = PBXBuildFile; fileRef = A26806F6232AAE9A00645FF4 /* Queue.swift */; };
		A268070A232AAE9A00645FF4 /* Buffer.swift in Sources */ = {isa = PBXBuildFile; fileRef = A26806F8232AAE9A00645FF4 /* Buffer.swift */; };
		A268070B232AAE9A00645FF4 /* TrackerUserProfile.swift in Sources */ = {isa = PBXBuildFile; fileRef = A26806FB232AAE9A00645FF4 /* TrackerUserProfile.swift */; };
		A268070C232AAE9A00645FF4 /* TrackerEvent.swift in Sources */ = {isa = PBXBuildFile; fileRef = A26806FC232AAE9A00645FF4 /* TrackerEvent.swift */; };
		A268070D232AAE9A00645FF4 /* EventPriority.swift in Sources */ = {isa = PBXBuildFile; fileRef = A26806FD232AAE9A00645FF4 /* EventPriority.swift */; };
		A268070E232AAE9A00645FF4 /* TrackEventServiceProtocols.swift in Sources */ = {isa = PBXBuildFile; fileRef = A26806FF232AAE9A00645FF4 /* TrackEventServiceProtocols.swift */; };
		A268070F232AAE9A00645FF4 /* TrackerServiceProtocol.swift in Sources */ = {isa = PBXBuildFile; fileRef = A2680700232AAE9A00645FF4 /* TrackerServiceProtocol.swift */; };
		A2680710232AAE9A00645FF4 /* TrackerDebugService.swift in Sources */ = {isa = PBXBuildFile; fileRef = A2680702232AAE9A00645FF4 /* TrackerDebugService.swift */; };
/* End PBXBuildFile section */

/* Begin PBXCopyFilesBuildPhase section */
		A26806C7232AAE0300645FF4 /* Embed Frameworks */ = {
			isa = PBXCopyFilesBuildPhase;
			buildActionMask = 2147483647;
			dstPath = "";
			dstSubfolderSpec = 10;
			files = (
			);
			name = "Embed Frameworks";
			runOnlyForDeploymentPostprocessing = 0;
		};
/* End PBXCopyFilesBuildPhase section */

/* Begin PBXFileReference section */
		2BCF95F7A3B91BA7BAEA826B /* Pods-AnalyticsSDK.debug.xcconfig */ = {isa = PBXFileReference; includeInIndex = 1; lastKnownFileType = text.xcconfig; name = "Pods-AnalyticsSDK.debug.xcconfig"; path = "Target Support Files/Pods-AnalyticsSDK/Pods-AnalyticsSDK.debug.xcconfig"; sourceTree = "<group>"; };
		5A17E89B4130A8DFEC9A652C /* Pods-AnalyticsSDK.release.xcconfig */ = {isa = PBXFileReference; includeInIndex = 1; lastKnownFileType = text.xcconfig; name = "Pods-AnalyticsSDK.release.xcconfig"; path = "Target Support Files/Pods-AnalyticsSDK/Pods-AnalyticsSDK.release.xcconfig"; sourceTree = "<group>"; };
		A26806562324DEB600645FF4 /* AnalyticsSDK.app */ = {isa = PBXFileReference; explicitFileType = wrapper.application; includeInIndex = 0; path = AnalyticsSDK.app; sourceTree = BUILT_PRODUCTS_DIR; };
		A26806592324DEB600645FF4 /* AppDelegate.swift */ = {isa = PBXFileReference; lastKnownFileType = sourcecode.swift; path = AppDelegate.swift; sourceTree = "<group>"; };
		A268065B2324DEB600645FF4 /* SceneDelegate.swift */ = {isa = PBXFileReference; lastKnownFileType = sourcecode.swift; path = SceneDelegate.swift; sourceTree = "<group>"; };
		A268065D2324DEB600645FF4 /* ViewController.swift */ = {isa = PBXFileReference; lastKnownFileType = sourcecode.swift; path = ViewController.swift; sourceTree = "<group>"; };
		A26806602324DEB600645FF4 /* Base */ = {isa = PBXFileReference; lastKnownFileType = file.storyboard; name = Base; path = Base.lproj/Main.storyboard; sourceTree = "<group>"; };
		A26806622324DEB700645FF4 /* Assets.xcassets */ = {isa = PBXFileReference; lastKnownFileType = folder.assetcatalog; path = Assets.xcassets; sourceTree = "<group>"; };
		A26806652324DEB700645FF4 /* Base */ = {isa = PBXFileReference; lastKnownFileType = file.storyboard; name = Base; path = Base.lproj/LaunchScreen.storyboard; sourceTree = "<group>"; };
		A26806672324DEB700645FF4 /* Info.plist */ = {isa = PBXFileReference; lastKnownFileType = text.plist.xml; path = Info.plist; sourceTree = "<group>"; };
		A26806832324E18400645FF4 /* AnalyticsSDKFramework.framework */ = {isa = PBXFileReference; explicitFileType = wrapper.framework; path = AnalyticsSDKFramework.framework; sourceTree = BUILT_PRODUCTS_DIR; };
		A26806AC2326CD2500645FF4 /* AnalyticsTrackerConstants.swift */ = {isa = PBXFileReference; lastKnownFileType = sourcecode.swift; path = AnalyticsTrackerConstants.swift; sourceTree = "<group>"; };
		A26806AF2326D16A00645FF4 /* MixpanelService.swift */ = {isa = PBXFileReference; lastKnownFileType = sourcecode.swift; path = MixpanelService.swift; sourceTree = "<group>"; };
		A26806BE232A638000645FF4 /* NAAnalyticsService.swift */ = {isa = PBXFileReference; lastKnownFileType = sourcecode.swift; path = NAAnalyticsService.swift; sourceTree = "<group>"; };
		A26806C0232AAD8F00645FF4 /* AnalyticsSDKFramework.framework */ = {isa = PBXFileReference; explicitFileType = wrapper.framework; path = AnalyticsSDKFramework.framework; sourceTree = BUILT_PRODUCTS_DIR; };
		A26806C4232AAE0200645FF4 /* AnalyticsSDKFramework.framework */ = {isa = PBXFileReference; explicitFileType = wrapper.framework; path = AnalyticsSDKFramework.framework; sourceTree = BUILT_PRODUCTS_DIR; };
		A26806ED232AAE9A00645FF4 /* DispatchQueue+Once.swift */ = {isa = PBXFileReference; fileEncoding = 4; lastKnownFileType = sourcecode.swift; path = "DispatchQueue+Once.swift"; sourceTree = "<group>"; };
		A26806EE232AAE9A00645FF4 /* Encode+Dictionary.swift */ = {isa = PBXFileReference; fileEncoding = 4; lastKnownFileType = sourcecode.swift; path = "Encode+Dictionary.swift"; sourceTree = "<group>"; };
		A26806EF232AAE9A00645FF4 /* ResultType.swift */ = {isa = PBXFileReference; fileEncoding = 4; lastKnownFileType = sourcecode.swift; path = ResultType.swift; sourceTree = "<group>"; };
		A26806F0232AAE9A00645FF4 /* Tracker.swift */ = {isa = PBXFileReference; fileEncoding = 4; lastKnownFileType = sourcecode.swift; path = Tracker.swift; sourceTree = "<group>"; };
		A26806F3232AAE9A00645FF4 /* NAAnalyticsEventPriority.swift */ = {isa = PBXFileReference; fileEncoding = 4; lastKnownFileType = sourcecode.swift; path = NAAnalyticsEventPriority.swift; sourceTree = "<group>"; };
		A26806F4232AAE9A00645FF4 /* NoonAcademyAnalyticsCore.swift */ = {isa = PBXFileReference; fileEncoding = 4; lastKnownFileType = sourcecode.swift; path = NoonAcademyAnalyticsCore.swift; sourceTree = "<group>"; };
		A26806F6232AAE9A00645FF4 /* Queue.swift */ = {isa = PBXFileReference; fileEncoding = 4; lastKnownFileType = sourcecode.swift; path = Queue.swift; sourceTree = "<group>"; };
		A26806F8232AAE9A00645FF4 /* Buffer.swift */ = {isa = PBXFileReference; fileEncoding = 4; lastKnownFileType = sourcecode.swift; path = Buffer.swift; sourceTree = "<group>"; };
		A26806FB232AAE9A00645FF4 /* TrackerUserProfile.swift */ = {isa = PBXFileReference; fileEncoding = 4; lastKnownFileType = sourcecode.swift; path = TrackerUserProfile.swift; sourceTree = "<group>"; };
		A26806FC232AAE9A00645FF4 /* TrackerEvent.swift */ = {isa = PBXFileReference; fileEncoding = 4; lastKnownFileType = sourcecode.swift; path = TrackerEvent.swift; sourceTree = "<group>"; };
		A26806FD232AAE9A00645FF4 /* EventPriority.swift */ = {isa = PBXFileReference; fileEncoding = 4; lastKnownFileType = sourcecode.swift; path = EventPriority.swift; sourceTree = "<group>"; };
		A26806FF232AAE9A00645FF4 /* TrackEventServiceProtocols.swift */ = {isa = PBXFileReference; fileEncoding = 4; lastKnownFileType = sourcecode.swift; path = TrackEventServiceProtocols.swift; sourceTree = "<group>"; };
		A2680700232AAE9A00645FF4 /* TrackerServiceProtocol.swift */ = {isa = PBXFileReference; fileEncoding = 4; lastKnownFileType = sourcecode.swift; path = TrackerServiceProtocol.swift; sourceTree = "<group>"; };
		A2680702232AAE9A00645FF4 /* TrackerDebugService.swift */ = {isa = PBXFileReference; fileEncoding = 4; lastKnownFileType = sourcecode.swift; path = TrackerDebugService.swift; sourceTree = "<group>"; };
		EAA980C314B15DED9B08A5EF /* Pods_AnalyticsSDK.framework */ = {isa = PBXFileReference; explicitFileType = wrapper.framework; includeInIndex = 0; path = Pods_AnalyticsSDK.framework; sourceTree = BUILT_PRODUCTS_DIR; };
/* End PBXFileReference section */

/* Begin PBXFrameworksBuildPhase section */
		A26806532324DEB600645FF4 /* Frameworks */ = {
			isa = PBXFrameworksBuildPhase;
			buildActionMask = 2147483647;
			files = (
				382EB65AEF9C1DE3BA528500 /* Pods_AnalyticsSDK.framework in Frameworks */,
			);
			runOnlyForDeploymentPostprocessing = 0;
		};
/* End PBXFrameworksBuildPhase section */

/* Begin PBXGroup section */
		98B79CCE1D71C25553296B61 /* Pods */ = {
			isa = PBXGroup;
			children = (
				2BCF95F7A3B91BA7BAEA826B /* Pods-AnalyticsSDK.debug.xcconfig */,
				5A17E89B4130A8DFEC9A652C /* Pods-AnalyticsSDK.release.xcconfig */,
			);
			name = Pods;
			path = ../Pods;
			sourceTree = "<group>";
		};
		A268064D2324DEB600645FF4 = {
			isa = PBXGroup;
			children = (
				A26806582324DEB600645FF4 /* AnalyticsSDK */,
				A26806572324DEB600645FF4 /* Products */,
				A26806822324E18400645FF4 /* Frameworks */,
				98B79CCE1D71C25553296B61 /* Pods */,
			);
			sourceTree = "<group>";
		};
		A26806572324DEB600645FF4 /* Products */ = {
			isa = PBXGroup;
			children = (
				A26806562324DEB600645FF4 /* AnalyticsSDK.app */,
			);
			name = Products;
			sourceTree = "<group>";
		};
		A26806582324DEB600645FF4 /* AnalyticsSDK */ = {
			isa = PBXGroup;
			children = (
				A26806C8232AAE3600645FF4 /* AnalyticsFramework */,
				A26806AE2326D15400645FF4 /* AnalyticsServices */,
				A26806A92326C49400645FF4 /* Constants */,
				A26806592324DEB600645FF4 /* AppDelegate.swift */,
				A268065B2324DEB600645FF4 /* SceneDelegate.swift */,
				A268065D2324DEB600645FF4 /* ViewController.swift */,
				A268065F2324DEB600645FF4 /* Main.storyboard */,
				A26806622324DEB700645FF4 /* Assets.xcassets */,
				A26806642324DEB700645FF4 /* LaunchScreen.storyboard */,
				A26806672324DEB700645FF4 /* Info.plist */,
			);
			path = AnalyticsSDK;
			sourceTree = "<group>";
		};
		A26806822324E18400645FF4 /* Frameworks */ = {
			isa = PBXGroup;
			children = (
				A26806C4232AAE0200645FF4 /* AnalyticsSDKFramework.framework */,
				A26806C0232AAD8F00645FF4 /* AnalyticsSDKFramework.framework */,
				A26806832324E18400645FF4 /* AnalyticsSDKFramework.framework */,
				EAA980C314B15DED9B08A5EF /* Pods_AnalyticsSDK.framework */,
			);
			name = Frameworks;
			sourceTree = "<group>";
		};
		A26806A92326C49400645FF4 /* Constants */ = {
			isa = PBXGroup;
			children = (
				A26806AC2326CD2500645FF4 /* AnalyticsTrackerConstants.swift */,
			);
			path = Constants;
			sourceTree = "<group>";
		};
		A26806AE2326D15400645FF4 /* AnalyticsServices */ = {
			isa = PBXGroup;
			children = (
				A26806AF2326D16A00645FF4 /* MixpanelService.swift */,
				A26806BE232A638000645FF4 /* NAAnalyticsService.swift */,
			);
			path = AnalyticsServices;
			sourceTree = "<group>";
		};
		A26806C8232AAE3600645FF4 /* AnalyticsFramework */ = {
			isa = PBXGroup;
			children = (
				A26806F1232AAE9A00645FF4 /* Core */,
				A26806F9232AAE9A00645FF4 /* ServiceAggregator */,
				A26806F0232AAE9A00645FF4 /* Tracker.swift */,
				A26806EC232AAE9A00645FF4 /* Utilities */,
			);
			path = AnalyticsFramework;
			sourceTree = "<group>";
		};
		A26806EC232AAE9A00645FF4 /* Utilities */ = {
			isa = PBXGroup;
			children = (
				A26806ED232AAE9A00645FF4 /* DispatchQueue+Once.swift */,
				A26806EE232AAE9A00645FF4 /* Encode+Dictionary.swift */,
				A26806EF232AAE9A00645FF4 /* ResultType.swift */,
			);
			path = Utilities;
			sourceTree = "<group>";
		};
		A26806F1232AAE9A00645FF4 /* Core */ = {
			isa = PBXGroup;
			children = (
				A26806F2232AAE9A00645FF4 /* Models */,
				A26806F4232AAE9A00645FF4 /* NoonAcademyAnalyticsCore.swift */,
				A26806F5232AAE9A00645FF4 /* Queue */,
				A26806F7232AAE9A00645FF4 /* Buffer */,
			);
			path = Core;
			sourceTree = "<group>";
		};
		A26806F2232AAE9A00645FF4 /* Models */ = {
			isa = PBXGroup;
			children = (
				A26806F3232AAE9A00645FF4 /* NAAnalyticsEventPriority.swift */,
			);
			path = Models;
			sourceTree = "<group>";
		};
		A26806F5232AAE9A00645FF4 /* Queue */ = {
			isa = PBXGroup;
			children = (
				A26806F6232AAE9A00645FF4 /* Queue.swift */,
			);
			path = Queue;
			sourceTree = "<group>";
		};
		A26806F7232AAE9A00645FF4 /* Buffer */ = {
			isa = PBXGroup;
			children = (
				A26806F8232AAE9A00645FF4 /* Buffer.swift */,
			);
			path = Buffer;
			sourceTree = "<group>";
		};
		A26806F9232AAE9A00645FF4 /* ServiceAggregator */ = {
			isa = PBXGroup;
			children = (
				A26806FA232AAE9A00645FF4 /* Models */,
				A26806FE232AAE9A00645FF4 /* Protocols */,
				A2680701232AAE9A00645FF4 /* Services */,
			);
			path = ServiceAggregator;
			sourceTree = "<group>";
		};
		A26806FA232AAE9A00645FF4 /* Models */ = {
			isa = PBXGroup;
			children = (
				A26806FB232AAE9A00645FF4 /* TrackerUserProfile.swift */,
				A26806FC232AAE9A00645FF4 /* TrackerEvent.swift */,
				A26806FD232AAE9A00645FF4 /* EventPriority.swift */,
			);
			path = Models;
			sourceTree = "<group>";
		};
		A26806FE232AAE9A00645FF4 /* Protocols */ = {
			isa = PBXGroup;
			children = (
				A26806FF232AAE9A00645FF4 /* TrackEventServiceProtocols.swift */,
				A2680700232AAE9A00645FF4 /* TrackerServiceProtocol.swift */,
			);
			path = Protocols;
			sourceTree = "<group>";
		};
		A2680701232AAE9A00645FF4 /* Services */ = {
			isa = PBXGroup;
			children = (
				A2680702232AAE9A00645FF4 /* TrackerDebugService.swift */,
			);
			path = Services;
			sourceTree = "<group>";
		};
/* End PBXGroup section */

/* Begin PBXNativeTarget section */
		A26806552324DEB600645FF4 /* AnalyticsSDK */ = {
			isa = PBXNativeTarget;
			buildConfigurationList = A268066A2324DEB700645FF4 /* Build configuration list for PBXNativeTarget "AnalyticsSDK" */;
			buildPhases = (
				F65C4A9383F5E0344884CA26 /* [CP] Check Pods Manifest.lock */,
				A26806522324DEB600645FF4 /* Sources */,
				A26806532324DEB600645FF4 /* Frameworks */,
				A26806542324DEB600645FF4 /* Resources */,
				C9A574B8DA13074B7893447B /* [CP] Embed Pods Frameworks */,
				A26806C7232AAE0300645FF4 /* Embed Frameworks */,
			);
			buildRules = (
			);
			dependencies = (
			);
			name = AnalyticsSDK;
			productName = AnalyticsSDK;
			productReference = A26806562324DEB600645FF4 /* AnalyticsSDK.app */;
			productType = "com.apple.product-type.application";
		};
/* End PBXNativeTarget section */

/* Begin PBXProject section */
		A268064E2324DEB600645FF4 /* Project object */ = {
			isa = PBXProject;
			attributes = {
				LastSwiftUpdateCheck = 1100;
				LastUpgradeCheck = 1100;
				ORGANIZATIONNAME = "Balraj Singh";
				TargetAttributes = {
					A26806552324DEB600645FF4 = {
						CreatedOnToolsVersion = 11.0;
					};
				};
			};
			buildConfigurationList = A26806512324DEB600645FF4 /* Build configuration list for PBXProject "AnalyticsSDK" */;
			compatibilityVersion = "Xcode 9.3";
			developmentRegion = en;
			hasScannedForEncodings = 0;
			knownRegions = (
				en,
				Base,
			);
			mainGroup = A268064D2324DEB600645FF4;
			productRefGroup = A26806572324DEB600645FF4 /* Products */;
			projectDirPath = "";
			projectRoot = "";
			targets = (
				A26806552324DEB600645FF4 /* AnalyticsSDK */,
			);
		};
/* End PBXProject section */

/* Begin PBXResourcesBuildPhase section */
		A26806542324DEB600645FF4 /* Resources */ = {
			isa = PBXResourcesBuildPhase;
			buildActionMask = 2147483647;
			files = (
				A26806662324DEB700645FF4 /* LaunchScreen.storyboard in Resources */,
				A26806632324DEB700645FF4 /* Assets.xcassets in Resources */,
				A26806612324DEB600645FF4 /* Main.storyboard in Resources */,
			);
			runOnlyForDeploymentPostprocessing = 0;
		};
/* End PBXResourcesBuildPhase section */

/* Begin PBXShellScriptBuildPhase section */
		C9A574B8DA13074B7893447B /* [CP] Embed Pods Frameworks */ = {
			isa = PBXShellScriptBuildPhase;
			buildActionMask = 2147483647;
			files = (
			);
			inputFileListPaths = (
				"${PODS_ROOT}/Target Support Files/Pods-AnalyticsSDK/Pods-AnalyticsSDK-frameworks-${CONFIGURATION}-input-files.xcfilelist",
			);
			name = "[CP] Embed Pods Frameworks";
			outputFileListPaths = (
				"${PODS_ROOT}/Target Support Files/Pods-AnalyticsSDK/Pods-AnalyticsSDK-frameworks-${CONFIGURATION}-output-files.xcfilelist",
			);
			runOnlyForDeploymentPostprocessing = 0;
			shellPath = /bin/sh;
			shellScript = "\"${PODS_ROOT}/Target Support Files/Pods-AnalyticsSDK/Pods-AnalyticsSDK-frameworks.sh\"\n";
			showEnvVarsInLog = 0;
		};
		F65C4A9383F5E0344884CA26 /* [CP] Check Pods Manifest.lock */ = {
			isa = PBXShellScriptBuildPhase;
			buildActionMask = 2147483647;
			files = (
			);
			inputFileListPaths = (
			);
			inputPaths = (
				"${PODS_PODFILE_DIR_PATH}/Podfile.lock",
				"${PODS_ROOT}/Manifest.lock",
			);
			name = "[CP] Check Pods Manifest.lock";
			outputFileListPaths = (
			);
			outputPaths = (
				"$(DERIVED_FILE_DIR)/Pods-AnalyticsSDK-checkManifestLockResult.txt",
			);
			runOnlyForDeploymentPostprocessing = 0;
			shellPath = /bin/sh;
			shellScript = "diff \"${PODS_PODFILE_DIR_PATH}/Podfile.lock\" \"${PODS_ROOT}/Manifest.lock\" > /dev/null\nif [ $? != 0 ] ; then\n    # print error to STDERR\n    echo \"error: The sandbox is not in sync with the Podfile.lock. Run 'pod install' or update your CocoaPods installation.\" >&2\n    exit 1\nfi\n# This output is used by Xcode 'outputs' to avoid re-running this script phase.\necho \"SUCCESS\" > \"${SCRIPT_OUTPUT_FILE_0}\"\n";
			showEnvVarsInLog = 0;
		};
/* End PBXShellScriptBuildPhase section */

/* Begin PBXSourcesBuildPhase section */
		A26806522324DEB600645FF4 /* Sources */ = {
			isa = PBXSourcesBuildPhase;
			buildActionMask = 2147483647;
			files = (
				A268065E2324DEB600645FF4 /* ViewController.swift in Sources */,
				A2680704232AAE9A00645FF4 /* Encode+Dictionary.swift in Sources */,
				A2680706232AAE9A00645FF4 /* Tracker.swift in Sources */,
				A268065A2324DEB600645FF4 /* AppDelegate.swift in Sources */,
				A2680709232AAE9A00645FF4 /* Queue.swift in Sources */,
				A268065C2324DEB600645FF4 /* SceneDelegate.swift in Sources */,
				A2680705232AAE9A00645FF4 /* ResultType.swift in Sources */,
				A2680703232AAE9A00645FF4 /* DispatchQueue+Once.swift in Sources */,
				A26806B02326D16A00645FF4 /* MixpanelService.swift in Sources */,
				A268070A232AAE9A00645FF4 /* Buffer.swift in Sources */,
				A2680708232AAE9A00645FF4 /* NoonAcademyAnalyticsCore.swift in Sources */,
				A268070C232AAE9A00645FF4 /* TrackerEvent.swift in Sources */,
				A2680710232AAE9A00645FF4 /* TrackerDebugService.swift in Sources */,
				A2680707232AAE9A00645FF4 /* NAAnalyticsEventPriority.swift in Sources */,
				A26806AD2326CD2500645FF4 /* AnalyticsTrackerConstants.swift in Sources */,
				A268070F232AAE9A00645FF4 /* TrackerServiceProtocol.swift in Sources */,
				A268070D232AAE9A00645FF4 /* EventPriority.swift in Sources */,
				A268070B232AAE9A00645FF4 /* TrackerUserProfile.swift in Sources */,
				A268070E232AAE9A00645FF4 /* TrackEventServiceProtocols.swift in Sources */,
				A26806BF232A638000645FF4 /* NAAnalyticsService.swift in Sources */,
			);
			runOnlyForDeploymentPostprocessing = 0;
		};
/* End PBXSourcesBuildPhase section */

/* Begin PBXVariantGroup section */
		A268065F2324DEB600645FF4 /* Main.storyboard */ = {
			isa = PBXVariantGroup;
			children = (
				A26806602324DEB600645FF4 /* Base */,
			);
			name = Main.storyboard;
			sourceTree = "<group>";
		};
		A26806642324DEB700645FF4 /* LaunchScreen.storyboard */ = {
			isa = PBXVariantGroup;
			children = (
				A26806652324DEB700645FF4 /* Base */,
			);
			name = LaunchScreen.storyboard;
			sourceTree = "<group>";
		};
/* End PBXVariantGroup section */

/* Begin XCBuildConfiguration section */
		A26806682324DEB700645FF4 /* Debug */ = {
			isa = XCBuildConfiguration;
			buildSettings = {
				ALWAYS_SEARCH_USER_PATHS = NO;
				CLANG_ANALYZER_NONNULL = YES;
				CLANG_ANALYZER_NUMBER_OBJECT_CONVERSION = YES_AGGRESSIVE;
				CLANG_CXX_LANGUAGE_STANDARD = "gnu++14";
				CLANG_CXX_LIBRARY = "libc++";
				CLANG_ENABLE_MODULES = YES;
				CLANG_ENABLE_OBJC_ARC = YES;
				CLANG_ENABLE_OBJC_WEAK = YES;
				CLANG_WARN_BLOCK_CAPTURE_AUTORELEASING = YES;
				CLANG_WARN_BOOL_CONVERSION = YES;
				CLANG_WARN_COMMA = YES;
				CLANG_WARN_CONSTANT_CONVERSION = YES;
				CLANG_WARN_DEPRECATED_OBJC_IMPLEMENTATIONS = YES;
				CLANG_WARN_DIRECT_OBJC_ISA_USAGE = YES_ERROR;
				CLANG_WARN_DOCUMENTATION_COMMENTS = YES;
				CLANG_WARN_EMPTY_BODY = YES;
				CLANG_WARN_ENUM_CONVERSION = YES;
				CLANG_WARN_INFINITE_RECURSION = YES;
				CLANG_WARN_INT_CONVERSION = YES;
				CLANG_WARN_NON_LITERAL_NULL_CONVERSION = YES;
				CLANG_WARN_OBJC_IMPLICIT_RETAIN_SELF = YES;
				CLANG_WARN_OBJC_LITERAL_CONVERSION = YES;
				CLANG_WARN_OBJC_ROOT_CLASS = YES_ERROR;
				CLANG_WARN_RANGE_LOOP_ANALYSIS = YES;
				CLANG_WARN_STRICT_PROTOTYPES = YES;
				CLANG_WARN_SUSPICIOUS_MOVE = YES;
				CLANG_WARN_UNGUARDED_AVAILABILITY = YES_AGGRESSIVE;
				CLANG_WARN_UNREACHABLE_CODE = YES;
				CLANG_WARN__DUPLICATE_METHOD_MATCH = YES;
				COPY_PHASE_STRIP = NO;
				DEBUG_INFORMATION_FORMAT = dwarf;
				ENABLE_STRICT_OBJC_MSGSEND = YES;
				ENABLE_TESTABILITY = YES;
				GCC_C_LANGUAGE_STANDARD = gnu11;
				GCC_DYNAMIC_NO_PIC = NO;
				GCC_NO_COMMON_BLOCKS = YES;
				GCC_OPTIMIZATION_LEVEL = 0;
				GCC_PREPROCESSOR_DEFINITIONS = (
					"DEBUG=1",
					"$(inherited)",
				);
				GCC_WARN_64_TO_32_BIT_CONVERSION = YES;
				GCC_WARN_ABOUT_RETURN_TYPE = YES_ERROR;
				GCC_WARN_UNDECLARED_SELECTOR = YES;
				GCC_WARN_UNINITIALIZED_AUTOS = YES_AGGRESSIVE;
				GCC_WARN_UNUSED_FUNCTION = YES;
				GCC_WARN_UNUSED_VARIABLE = YES;
				IPHONEOS_DEPLOYMENT_TARGET = 13.0;
				MTL_ENABLE_DEBUG_INFO = INCLUDE_SOURCE;
				MTL_FAST_MATH = YES;
				ONLY_ACTIVE_ARCH = YES;
				SDKROOT = iphoneos;
				SWIFT_ACTIVE_COMPILATION_CONDITIONS = DEBUG;
				SWIFT_OPTIMIZATION_LEVEL = "-Onone";
			};
			name = Debug;
		};
		A26806692324DEB700645FF4 /* Release */ = {
			isa = XCBuildConfiguration;
			buildSettings = {
				ALWAYS_SEARCH_USER_PATHS = NO;
				CLANG_ANALYZER_NONNULL = YES;
				CLANG_ANALYZER_NUMBER_OBJECT_CONVERSION = YES_AGGRESSIVE;
				CLANG_CXX_LANGUAGE_STANDARD = "gnu++14";
				CLANG_CXX_LIBRARY = "libc++";
				CLANG_ENABLE_MODULES = YES;
				CLANG_ENABLE_OBJC_ARC = YES;
				CLANG_ENABLE_OBJC_WEAK = YES;
				CLANG_WARN_BLOCK_CAPTURE_AUTORELEASING = YES;
				CLANG_WARN_BOOL_CONVERSION = YES;
				CLANG_WARN_COMMA = YES;
				CLANG_WARN_CONSTANT_CONVERSION = YES;
				CLANG_WARN_DEPRECATED_OBJC_IMPLEMENTATIONS = YES;
				CLANG_WARN_DIRECT_OBJC_ISA_USAGE = YES_ERROR;
				CLANG_WARN_DOCUMENTATION_COMMENTS = YES;
				CLANG_WARN_EMPTY_BODY = YES;
				CLANG_WARN_ENUM_CONVERSION = YES;
				CLANG_WARN_INFINITE_RECURSION = YES;
				CLANG_WARN_INT_CONVERSION = YES;
				CLANG_WARN_NON_LITERAL_NULL_CONVERSION = YES;
				CLANG_WARN_OBJC_IMPLICIT_RETAIN_SELF = YES;
				CLANG_WARN_OBJC_LITERAL_CONVERSION = YES;
				CLANG_WARN_OBJC_ROOT_CLASS = YES_ERROR;
				CLANG_WARN_RANGE_LOOP_ANALYSIS = YES;
				CLANG_WARN_STRICT_PROTOTYPES = YES;
				CLANG_WARN_SUSPICIOUS_MOVE = YES;
				CLANG_WARN_UNGUARDED_AVAILABILITY = YES_AGGRESSIVE;
				CLANG_WARN_UNREACHABLE_CODE = YES;
				CLANG_WARN__DUPLICATE_METHOD_MATCH = YES;
				COPY_PHASE_STRIP = NO;
				DEBUG_INFORMATION_FORMAT = "dwarf-with-dsym";
				ENABLE_NS_ASSERTIONS = NO;
				ENABLE_STRICT_OBJC_MSGSEND = YES;
				GCC_C_LANGUAGE_STANDARD = gnu11;
				GCC_NO_COMMON_BLOCKS = YES;
				GCC_WARN_64_TO_32_BIT_CONVERSION = YES;
				GCC_WARN_ABOUT_RETURN_TYPE = YES_ERROR;
				GCC_WARN_UNDECLARED_SELECTOR = YES;
				GCC_WARN_UNINITIALIZED_AUTOS = YES_AGGRESSIVE;
				GCC_WARN_UNUSED_FUNCTION = YES;
				GCC_WARN_UNUSED_VARIABLE = YES;
				IPHONEOS_DEPLOYMENT_TARGET = 13.0;
				MTL_ENABLE_DEBUG_INFO = NO;
				MTL_FAST_MATH = YES;
				SDKROOT = iphoneos;
				SWIFT_COMPILATION_MODE = wholemodule;
				SWIFT_OPTIMIZATION_LEVEL = "-O";
				VALIDATE_PRODUCT = YES;
			};
			name = Release;
		};
		A268066B2324DEB700645FF4 /* Debug */ = {
			isa = XCBuildConfiguration;
			baseConfigurationReference = 2BCF95F7A3B91BA7BAEA826B /* Pods-AnalyticsSDK.debug.xcconfig */;
			buildSettings = {
				ASSETCATALOG_COMPILER_APPICON_NAME = AppIcon;
				CODE_SIGN_STYLE = Automatic;
				DEVELOPMENT_TEAM = 998QCUR89P;
				INFOPLIST_FILE = AnalyticsSDK/Info.plist;
				IPHONEOS_DEPLOYMENT_TARGET = 13.0;
				LD_RUNPATH_SEARCH_PATHS = (
					"$(inherited)",
					"@executable_path/Frameworks",
				);
				PRODUCT_BUNDLE_IDENTIFIER = com.Balraj.AnalyticsSDK;
				PRODUCT_NAME = "$(TARGET_NAME)";
				SWIFT_VERSION = 5.0;
				TARGETED_DEVICE_FAMILY = 1;
			};
			name = Debug;
		};
		A268066C2324DEB700645FF4 /* Release */ = {
			isa = XCBuildConfiguration;
			baseConfigurationReference = 5A17E89B4130A8DFEC9A652C /* Pods-AnalyticsSDK.release.xcconfig */;
			buildSettings = {
				ASSETCATALOG_COMPILER_APPICON_NAME = AppIcon;
				CODE_SIGN_STYLE = Automatic;
				DEVELOPMENT_TEAM = 998QCUR89P;
				INFOPLIST_FILE = AnalyticsSDK/Info.plist;
				IPHONEOS_DEPLOYMENT_TARGET = 13.0;
				LD_RUNPATH_SEARCH_PATHS = (
					"$(inherited)",
					"@executable_path/Frameworks",
				);
				PRODUCT_BUNDLE_IDENTIFIER = com.Balraj.AnalyticsSDK;
				PRODUCT_NAME = "$(TARGET_NAME)";
				SWIFT_VERSION = 5.0;
				TARGETED_DEVICE_FAMILY = 1;
			};
			name = Release;
		};
/* End XCBuildConfiguration section */

/* Begin XCConfigurationList section */
		A26806512324DEB600645FF4 /* Build configuration list for PBXProject "AnalyticsSDK" */ = {
			isa = XCConfigurationList;
			buildConfigurations = (
				A26806682324DEB700645FF4 /* Debug */,
				A26806692324DEB700645FF4 /* Release */,
			);
			defaultConfigurationIsVisible = 0;
			defaultConfigurationName = Release;
		};
		A268066A2324DEB700645FF4 /* Build configuration list for PBXNativeTarget "AnalyticsSDK" */ = {
			isa = XCConfigurationList;
			buildConfigurations = (
				A268066B2324DEB700645FF4 /* Debug */,
				A268066C2324DEB700645FF4 /* Release */,
			);
			defaultConfigurationIsVisible = 0;
			defaultConfigurationName = Release;
		};
/* End XCConfigurationList section */
	};
	rootObject = A268064E2324DEB600645FF4 /* Project object */;
}
